{
  "name": "gemini-mm-walkthru",
  "version": "1.0.0",
  "lockfileVersion": 3,
  "requires": true,
  "packages": {
    "": {
      "name": "gemini-mm-walkthru",
      "version": "1.0.0",
      "license": "MIT",
      "dependencies": {
        "@google/generative-ai": "^0.11.0"
      }
    },
    "node_modules/@google/generative-ai": {
      "version": "0.11.0",
      "resolved": "https://registry.npmjs.org/@google/generative-ai/-/generative-ai-0.11.0.tgz",
      "integrity": "sha512-nyvrIltnq4RRkUj4FBeDPebWHB1oeALK75aa0xdatEriH05lzBJD6t91afRm5ldtQ5Txu6UwPLuHu5jM1CjtQg==",
      "engines": {
        "node": ">=18.0.0"
      }
    }
  }
}
